
Microsoft Visual Studio Solution File, Format Version 12.00
# Visual Studio 2012
VisualStudioVersion = 14.0.23107.0
MinimumVisualStudioVersion = 10.0.40219.1
Project("{FAE04EC0-301F-11D3-BF4B-00C04F79EFBC}") = "ThreeLayerRealmXF", "ThreeLayerRealmXF\ThreeLayerRealmXF\ThreeLayerRealmXF.csproj", "{4115119F-5DDD-4CCA-8A2F-5E9DFC906F35}"
EndProject
Project("{FAE04EC0-301F-11D3-BF4B-00C04F79EFBC}") = "PurePCLViewModel", "PurePCLViewModel\PurePCLViewModel.csproj", "{A2705D5C-9F10-4A8B-9EBC-D4369E8A4D62}"
EndProject
Project("{FAE04EC0-301F-11D3-BF4B-00C04F79EFBC}") = "Realm.PCL", "..\..\Platform.PCL\Realm.PCL\Realm.PCL.csproj", "{261C8EB6-9508-4D6A-9BED-39A544AA2736}"
EndProject
Project("{FAE04EC0-301F-11D3-BF4B-00C04F79EFBC}") = "Realm.XamarinIOS", "..\..\Platform.XamarinIOS\Realm.XamarinIOS\Realm.XamarinIOS.csproj", "{A55BD773-5A29-4B2A-9DB7-1AB1DD38B537}"
EndProject
Project("{FAE04EC0-301F-11D3-BF4B-00C04F79EFBC}") = "ThreeLayerRealmXF.iOS", "ThreeLayerRealmXF\ThreeLayerRealmXF.iOS\ThreeLayerRealmXF.iOS.csproj", "{F377984A-36A2-454B-AAAB-6E385048D5AB}"
EndProject
Project("{D954291E-2A0B-460D-934E-DC6B0785DB48}") = "Realm.Shared", "..\..\Shared\Realm.Shared\Realm.Shared.shproj", "{826C8753-5C4A-4E95-B483-179B9892C008}"
EndProject
Project("{FAE04EC0-301F-11D3-BF4B-00C04F79EFBC}") = "Realm.XamarinAndroid", "..\..\Platform.XamarinAndroid\Realm.XamarinAndroid\Realm.XamarinAndroid.csproj", "{2379D669-4F4B-4FF6-AF8A-49FEA981EFC3}"
EndProject
Project("{FAE04EC0-301F-11D3-BF4B-00C04F79EFBC}") = "ThreeLayerRealmXF.Droid", "ThreeLayerRealmXF\ThreeLayerRealmXF.Droid\ThreeLayerRealmXF.Droid.csproj", "{4A3F2108-00E0-4BE6-A4D4-B8C9F573B166}"
EndProject
Global
	GlobalSection(SolutionConfigurationPlatforms) = preSolution
		Ad-Hoc|Any CPU = Ad-Hoc|Any CPU
		Ad-Hoc|ARM = Ad-Hoc|ARM
		Ad-Hoc|iPhone = Ad-Hoc|iPhone
		Ad-Hoc|iPhoneSimulator = Ad-Hoc|iPhoneSimulator
		Ad-Hoc|x86 = Ad-Hoc|x86
		AppStore|Any CPU = AppStore|Any CPU
		AppStore|ARM = AppStore|ARM
		AppStore|iPhone = AppStore|iPhone
		AppStore|iPhoneSimulator = AppStore|iPhoneSimulator
		AppStore|x86 = AppStore|x86
		Debug|Any CPU = Debug|Any CPU
		Debug|ARM = Debug|ARM
		Debug|iPhone = Debug|iPhone
		Debug|iPhoneSimulator = Debug|iPhoneSimulator
		Debug|x86 = Debug|x86
		Release|Any CPU = Release|Any CPU
		Release|ARM = Release|ARM
		Release|iPhone = Release|iPhone
		Release|iPhoneSimulator = Release|iPhoneSimulator
		Release|x86 = Release|x86
	EndGlobalSection
	GlobalSection(ProjectConfigurationPlatforms) = postSolution
		{4115119F-5DDD-4CCA-8A2F-5E9DFC906F35}.Ad-Hoc|Any CPU.ActiveCfg = Release|Any CPU
		{4115119F-5DDD-4CCA-8A2F-5E9DFC906F35}.Ad-Hoc|Any CPU.Build.0 = Release|Any CPU
		{4115119F-5DDD-4CCA-8A2F-5E9DFC906F35}.Ad-Hoc|ARM.ActiveCfg = Release|Any CPU
		{4115119F-5DDD-4CCA-8A2F-5E9DFC906F35}.Ad-Hoc|ARM.Build.0 = Release|Any CPU
		{4115119F-5DDD-4CCA-8A2F-5E9DFC906F35}.Ad-Hoc|iPhone.ActiveCfg = Release|Any CPU
		{4115119F-5DDD-4CCA-8A2F-5E9DFC906F35}.Ad-Hoc|iPhone.Build.0 = Release|Any CPU
		{4115119F-5DDD-4CCA-8A2F-5E9DFC906F35}.Ad-Hoc|iPhoneSimulator.ActiveCfg = Release|Any CPU
		{4115119F-5DDD-4CCA-8A2F-5E9DFC906F35}.Ad-Hoc|iPhoneSimulator.Build.0 = Release|Any CPU
		{4115119F-5DDD-4CCA-8A2F-5E9DFC906F35}.Ad-Hoc|x86.ActiveCfg = Release|Any CPU
		{4115119F-5DDD-4CCA-8A2F-5E9DFC906F35}.Ad-Hoc|x86.Build.0 = Release|Any CPU
		{4115119F-5DDD-4CCA-8A2F-5E9DFC906F35}.AppStore|Any CPU.ActiveCfg = Release|Any CPU
		{4115119F-5DDD-4CCA-8A2F-5E9DFC906F35}.AppStore|Any CPU.Build.0 = Release|Any CPU
		{4115119F-5DDD-4CCA-8A2F-5E9DFC906F35}.AppStore|ARM.ActiveCfg = Release|Any CPU
		{4115119F-5DDD-4CCA-8A2F-5E9DFC906F35}.AppStore|ARM.Build.0 = Release|Any CPU
		{4115119F-5DDD-4CCA-8A2F-5E9DFC906F35}.AppStore|iPhone.ActiveCfg = Release|Any CPU
		{4115119F-5DDD-4CCA-8A2F-5E9DFC906F35}.AppStore|iPhone.Build.0 = Release|Any CPU
		{4115119F-5DDD-4CCA-8A2F-5E9DFC906F35}.AppStore|iPhoneSimulator.ActiveCfg = Release|Any CPU
		{4115119F-5DDD-4CCA-8A2F-5E9DFC906F35}.AppStore|iPhoneSimulator.Build.0 = Release|Any CPU
		{4115119F-5DDD-4CCA-8A2F-5E9DFC906F35}.AppStore|x86.ActiveCfg = Release|Any CPU
		{4115119F-5DDD-4CCA-8A2F-5E9DFC906F35}.AppStore|x86.Build.0 = Release|Any CPU
		{4115119F-5DDD-4CCA-8A2F-5E9DFC906F35}.Debug|Any CPU.ActiveCfg = Debug|Any CPU
		{4115119F-5DDD-4CCA-8A2F-5E9DFC906F35}.Debug|Any CPU.Build.0 = Debug|Any CPU
		{4115119F-5DDD-4CCA-8A2F-5E9DFC906F35}.Debug|ARM.ActiveCfg = Debug|Any CPU
		{4115119F-5DDD-4CCA-8A2F-5E9DFC906F35}.Debug|ARM.Build.0 = Debug|Any CPU
		{4115119F-5DDD-4CCA-8A2F-5E9DFC906F35}.Debug|iPhone.ActiveCfg = Debug|Any CPU
		{4115119F-5DDD-4CCA-8A2F-5E9DFC906F35}.Debug|iPhone.Build.0 = Debug|Any CPU
		{4115119F-5DDD-4CCA-8A2F-5E9DFC906F35}.Debug|iPhoneSimulator.ActiveCfg = Debug|Any CPU
		{4115119F-5DDD-4CCA-8A2F-5E9DFC906F35}.Debug|iPhoneSimulator.Build.0 = Debug|Any CPU
		{4115119F-5DDD-4CCA-8A2F-5E9DFC906F35}.Debug|x86.ActiveCfg = Debug|Any CPU
		{4115119F-5DDD-4CCA-8A2F-5E9DFC906F35}.Debug|x86.Build.0 = Debug|Any CPU
		{4115119F-5DDD-4CCA-8A2F-5E9DFC906F35}.Release|Any CPU.ActiveCfg = Release|Any CPU
		{4115119F-5DDD-4CCA-8A2F-5E9DFC906F35}.Release|Any CPU.Build.0 = Release|Any CPU
		{4115119F-5DDD-4CCA-8A2F-5E9DFC906F35}.Release|ARM.ActiveCfg = Release|Any CPU
		{4115119F-5DDD-4CCA-8A2F-5E9DFC906F35}.Release|ARM.Build.0 = Release|Any CPU
		{4115119F-5DDD-4CCA-8A2F-5E9DFC906F35}.Release|iPhone.ActiveCfg = Release|Any CPU
		{4115119F-5DDD-4CCA-8A2F-5E9DFC906F35}.Release|iPhone.Build.0 = Release|Any CPU
		{4115119F-5DDD-4CCA-8A2F-5E9DFC906F35}.Release|iPhoneSimulator.ActiveCfg = Release|Any CPU
		{4115119F-5DDD-4CCA-8A2F-5E9DFC906F35}.Release|iPhoneSimulator.Build.0 = Release|Any CPU
		{4115119F-5DDD-4CCA-8A2F-5E9DFC906F35}.Release|x86.ActiveCfg = Release|Any CPU
		{4115119F-5DDD-4CCA-8A2F-5E9DFC906F35}.Release|x86.Build.0 = Release|Any CPU
		{A2705D5C-9F10-4A8B-9EBC-D4369E8A4D62}.Ad-Hoc|Any CPU.ActiveCfg = Release|Any CPU
		{A2705D5C-9F10-4A8B-9EBC-D4369E8A4D62}.Ad-Hoc|Any CPU.Build.0 = Release|Any CPU
		{A2705D5C-9F10-4A8B-9EBC-D4369E8A4D62}.Ad-Hoc|ARM.ActiveCfg = Release|Any CPU
		{A2705D5C-9F10-4A8B-9EBC-D4369E8A4D62}.Ad-Hoc|ARM.Build.0 = Release|Any CPU
		{A2705D5C-9F10-4A8B-9EBC-D4369E8A4D62}.Ad-Hoc|iPhone.ActiveCfg = Release|Any CPU
		{A2705D5C-9F10-4A8B-9EBC-D4369E8A4D62}.Ad-Hoc|iPhone.Build.0 = Release|Any CPU
		{A2705D5C-9F10-4A8B-9EBC-D4369E8A4D62}.Ad-Hoc|iPhoneSimulator.ActiveCfg = Release|Any CPU
		{A2705D5C-9F10-4A8B-9EBC-D4369E8A4D62}.Ad-Hoc|iPhoneSimulator.Build.0 = Release|Any CPU
		{A2705D5C-9F10-4A8B-9EBC-D4369E8A4D62}.Ad-Hoc|x86.ActiveCfg = Release|Any CPU
		{A2705D5C-9F10-4A8B-9EBC-D4369E8A4D62}.Ad-Hoc|x86.Build.0 = Release|Any CPU
		{A2705D5C-9F10-4A8B-9EBC-D4369E8A4D62}.AppStore|Any CPU.ActiveCfg = Release|Any CPU
		{A2705D5C-9F10-4A8B-9EBC-D4369E8A4D62}.AppStore|Any CPU.Build.0 = Release|Any CPU
		{A2705D5C-9F10-4A8B-9EBC-D4369E8A4D62}.AppStore|ARM.ActiveCfg = Release|Any CPU
		{A2705D5C-9F10-4A8B-9EBC-D4369E8A4D62}.AppStore|ARM.Build.0 = Release|Any CPU
		{A2705D5C-9F10-4A8B-9EBC-D4369E8A4D62}.AppStore|iPhone.ActiveCfg = Release|Any CPU
		{A2705D5C-9F10-4A8B-9EBC-D4369E8A4D62}.AppStore|iPhone.Build.0 = Release|Any CPU
		{A2705D5C-9F10-4A8B-9EBC-D4369E8A4D62}.AppStore|iPhoneSimulator.ActiveCfg = Release|Any CPU
		{A2705D5C-9F10-4A8B-9EBC-D4369E8A4D62}.AppStore|iPhoneSimulator.Build.0 = Release|Any CPU
		{A2705D5C-9F10-4A8B-9EBC-D4369E8A4D62}.AppStore|x86.ActiveCfg = Release|Any CPU
		{A2705D5C-9F10-4A8B-9EBC-D4369E8A4D62}.AppStore|x86.Build.0 = Release|Any CPU
		{A2705D5C-9F10-4A8B-9EBC-D4369E8A4D62}.Debug|Any CPU.ActiveCfg = Debug|Any CPU
		{A2705D5C-9F10-4A8B-9EBC-D4369E8A4D62}.Debug|Any CPU.Build.0 = Debug|Any CPU
		{A2705D5C-9F10-4A8B-9EBC-D4369E8A4D62}.Debug|ARM.ActiveCfg = Debug|Any CPU
		{A2705D5C-9F10-4A8B-9EBC-D4369E8A4D62}.Debug|ARM.Build.0 = Debug|Any CPU
		{A2705D5C-9F10-4A8B-9EBC-D4369E8A4D62}.Debug|iPhone.ActiveCfg = Debug|Any CPU
		{A2705D5C-9F10-4A8B-9EBC-D4369E8A4D62}.Debug|iPhone.Build.0 = Debug|Any CPU
		{A2705D5C-9F10-4A8B-9EBC-D4369E8A4D62}.Debug|iPhoneSimulator.ActiveCfg = Debug|Any CPU
		{A2705D5C-9F10-4A8B-9EBC-D4369E8A4D62}.Debug|iPhoneSimulator.Build.0 = Debug|Any CPU
		{A2705D5C-9F10-4A8B-9EBC-D4369E8A4D62}.Debug|x86.ActiveCfg = Debug|Any CPU
		{A2705D5C-9F10-4A8B-9EBC-D4369E8A4D62}.Debug|x86.Build.0 = Debug|Any CPU
		{A2705D5C-9F10-4A8B-9EBC-D4369E8A4D62}.Release|Any CPU.ActiveCfg = Release|Any CPU
		{A2705D5C-9F10-4A8B-9EBC-D4369E8A4D62}.Release|Any CPU.Build.0 = Release|Any CPU
		{A2705D5C-9F10-4A8B-9EBC-D4369E8A4D62}.Release|ARM.ActiveCfg = Release|Any CPU
		{A2705D5C-9F10-4A8B-9EBC-D4369E8A4D62}.Release|ARM.Build.0 = Release|Any CPU
		{A2705D5C-9F10-4A8B-9EBC-D4369E8A4D62}.Release|iPhone.ActiveCfg = Release|Any CPU
		{A2705D5C-9F10-4A8B-9EBC-D4369E8A4D62}.Release|iPhone.Build.0 = Release|Any CPU
		{A2705D5C-9F10-4A8B-9EBC-D4369E8A4D62}.Release|iPhoneSimulator.ActiveCfg = Release|Any CPU
		{A2705D5C-9F10-4A8B-9EBC-D4369E8A4D62}.Release|iPhoneSimulator.Build.0 = Release|Any CPU
		{A2705D5C-9F10-4A8B-9EBC-D4369E8A4D62}.Release|x86.ActiveCfg = Release|Any CPU
		{A2705D5C-9F10-4A8B-9EBC-D4369E8A4D62}.Release|x86.Build.0 = Release|Any CPU
		{261C8EB6-9508-4D6A-9BED-39A544AA2736}.Ad-Hoc|Any CPU.ActiveCfg = Release|Any CPU
		{261C8EB6-9508-4D6A-9BED-39A544AA2736}.Ad-Hoc|Any CPU.Build.0 = Release|Any CPU
		{261C8EB6-9508-4D6A-9BED-39A544AA2736}.Ad-Hoc|ARM.ActiveCfg = Release|Any CPU
		{261C8EB6-9508-4D6A-9BED-39A544AA2736}.Ad-Hoc|ARM.Build.0 = Release|Any CPU
		{261C8EB6-9508-4D6A-9BED-39A544AA2736}.Ad-Hoc|iPhone.ActiveCfg = Release|Any CPU
		{261C8EB6-9508-4D6A-9BED-39A544AA2736}.Ad-Hoc|iPhone.Build.0 = Release|Any CPU
		{261C8EB6-9508-4D6A-9BED-39A544AA2736}.Ad-Hoc|iPhoneSimulator.ActiveCfg = Release|Any CPU
		{261C8EB6-9508-4D6A-9BED-39A544AA2736}.Ad-Hoc|iPhoneSimulator.Build.0 = Release|Any CPU
		{261C8EB6-9508-4D6A-9BED-39A544AA2736}.Ad-Hoc|x86.ActiveCfg = Release|Any CPU
		{261C8EB6-9508-4D6A-9BED-39A544AA2736}.Ad-Hoc|x86.Build.0 = Release|Any CPU
		{261C8EB6-9508-4D6A-9BED-39A544AA2736}.AppStore|Any CPU.ActiveCfg = Release|Any CPU
		{261C8EB6-9508-4D6A-9BED-39A544AA2736}.AppStore|Any CPU.Build.0 = Release|Any CPU
		{261C8EB6-9508-4D6A-9BED-39A544AA2736}.AppStore|ARM.ActiveCfg = Release|Any CPU
		{261C8EB6-9508-4D6A-9BED-39A544AA2736}.AppStore|ARM.Build.0 = Release|Any CPU
		{261C8EB6-9508-4D6A-9BED-39A544AA2736}.AppStore|iPhone.ActiveCfg = Release|Any CPU
		{261C8EB6-9508-4D6A-9BED-39A544AA2736}.AppStore|iPhone.Build.0 = Release|Any CPU
		{261C8EB6-9508-4D6A-9BED-39A544AA2736}.AppStore|iPhoneSimulator.ActiveCfg = Release|Any CPU
		{261C8EB6-9508-4D6A-9BED-39A544AA2736}.AppStore|iPhoneSimulator.Build.0 = Release|Any CPU
		{261C8EB6-9508-4D6A-9BED-39A544AA2736}.AppStore|x86.ActiveCfg = Release|Any CPU
		{261C8EB6-9508-4D6A-9BED-39A544AA2736}.AppStore|x86.Build.0 = Release|Any CPU
		{261C8EB6-9508-4D6A-9BED-39A544AA2736}.Debug|Any CPU.ActiveCfg = Debug|Any CPU
		{261C8EB6-9508-4D6A-9BED-39A544AA2736}.Debug|Any CPU.Build.0 = Debug|Any CPU
		{261C8EB6-9508-4D6A-9BED-39A544AA2736}.Debug|ARM.ActiveCfg = Debug|Any CPU
		{261C8EB6-9508-4D6A-9BED-39A544AA2736}.Debug|ARM.Build.0 = Debug|Any CPU
		{261C8EB6-9508-4D6A-9BED-39A544AA2736}.Debug|iPhone.ActiveCfg = Debug|Any CPU
		{261C8EB6-9508-4D6A-9BED-39A544AA2736}.Debug|iPhone.Build.0 = Debug|Any CPU
		{261C8EB6-9508-4D6A-9BED-39A544AA2736}.Debug|iPhoneSimulator.ActiveCfg = Debug|Any CPU
		{261C8EB6-9508-4D6A-9BED-39A544AA2736}.Debug|iPhoneSimulator.Build.0 = Debug|Any CPU
		{261C8EB6-9508-4D6A-9BED-39A544AA2736}.Debug|x86.ActiveCfg = Debug|Any CPU
		{261C8EB6-9508-4D6A-9BED-39A544AA2736}.Debug|x86.Build.0 = Debug|Any CPU
		{261C8EB6-9508-4D6A-9BED-39A544AA2736}.Release|Any CPU.ActiveCfg = Release|Any CPU
		{261C8EB6-9508-4D6A-9BED-39A544AA2736}.Release|Any CPU.Build.0 = Release|Any CPU
		{261C8EB6-9508-4D6A-9BED-39A544AA2736}.Release|ARM.ActiveCfg = Release|Any CPU
		{261C8EB6-9508-4D6A-9BED-39A544AA2736}.Release|ARM.Build.0 = Release|Any CPU
		{261C8EB6-9508-4D6A-9BED-39A544AA2736}.Release|iPhone.ActiveCfg = Release|Any CPU
		{261C8EB6-9508-4D6A-9BED-39A544AA2736}.Release|iPhone.Build.0 = Release|Any CPU
		{261C8EB6-9508-4D6A-9BED-39A544AA2736}.Release|iPhoneSimulator.ActiveCfg = Release|Any CPU
		{261C8EB6-9508-4D6A-9BED-39A544AA2736}.Release|iPhoneSimulator.Build.0 = Release|Any CPU
		{261C8EB6-9508-4D6A-9BED-39A544AA2736}.Release|x86.ActiveCfg = Release|Any CPU
		{261C8EB6-9508-4D6A-9BED-39A544AA2736}.Release|x86.Build.0 = Release|Any CPU
		{A55BD773-5A29-4B2A-9DB7-1AB1DD38B537}.Ad-Hoc|Any CPU.ActiveCfg = Debug|iPhoneSimulator
		{A55BD773-5A29-4B2A-9DB7-1AB1DD38B537}.Ad-Hoc|Any CPU.Build.0 = Debug|iPhoneSimulator
		{A55BD773-5A29-4B2A-9DB7-1AB1DD38B537}.Ad-Hoc|ARM.ActiveCfg = Debug|iPhoneSimulator
		{A55BD773-5A29-4B2A-9DB7-1AB1DD38B537}.Ad-Hoc|ARM.Build.0 = Debug|iPhoneSimulator
		{A55BD773-5A29-4B2A-9DB7-1AB1DD38B537}.Ad-Hoc|iPhone.ActiveCfg = Debug|iPhone
		{A55BD773-5A29-4B2A-9DB7-1AB1DD38B537}.Ad-Hoc|iPhone.Build.0 = Debug|iPhone
		{A55BD773-5A29-4B2A-9DB7-1AB1DD38B537}.Ad-Hoc|iPhoneSimulator.ActiveCfg = Debug|iPhoneSimulator
		{A55BD773-5A29-4B2A-9DB7-1AB1DD38B537}.Ad-Hoc|iPhoneSimulator.Build.0 = Debug|iPhoneSimulator
		{A55BD773-5A29-4B2A-9DB7-1AB1DD38B537}.Ad-Hoc|x86.ActiveCfg = Debug|iPhoneSimulator
		{A55BD773-5A29-4B2A-9DB7-1AB1DD38B537}.Ad-Hoc|x86.Build.0 = Debug|iPhoneSimulator
		{A55BD773-5A29-4B2A-9DB7-1AB1DD38B537}.AppStore|Any CPU.ActiveCfg = Debug|iPhoneSimulator
		{A55BD773-5A29-4B2A-9DB7-1AB1DD38B537}.AppStore|Any CPU.Build.0 = Debug|iPhoneSimulator
		{A55BD773-5A29-4B2A-9DB7-1AB1DD38B537}.AppStore|ARM.ActiveCfg = Debug|iPhoneSimulator
		{A55BD773-5A29-4B2A-9DB7-1AB1DD38B537}.AppStore|ARM.Build.0 = Debug|iPhoneSimulator
		{A55BD773-5A29-4B2A-9DB7-1AB1DD38B537}.AppStore|iPhone.ActiveCfg = Debug|iPhone
		{A55BD773-5A29-4B2A-9DB7-1AB1DD38B537}.AppStore|iPhone.Build.0 = Debug|iPhone
		{A55BD773-5A29-4B2A-9DB7-1AB1DD38B537}.AppStore|iPhoneSimulator.ActiveCfg = Debug|iPhoneSimulator
		{A55BD773-5A29-4B2A-9DB7-1AB1DD38B537}.AppStore|iPhoneSimulator.Build.0 = Debug|iPhoneSimulator
		{A55BD773-5A29-4B2A-9DB7-1AB1DD38B537}.AppStore|x86.ActiveCfg = Debug|iPhoneSimulator
		{A55BD773-5A29-4B2A-9DB7-1AB1DD38B537}.AppStore|x86.Build.0 = Debug|iPhoneSimulator
		{A55BD773-5A29-4B2A-9DB7-1AB1DD38B537}.Debug|Any CPU.ActiveCfg = Debug|iPhone
		{A55BD773-5A29-4B2A-9DB7-1AB1DD38B537}.Debug|Any CPU.Build.0 = Debug|iPhone
		{A55BD773-5A29-4B2A-9DB7-1AB1DD38B537}.Debug|ARM.ActiveCfg = Debug|iPhone
		{A55BD773-5A29-4B2A-9DB7-1AB1DD38B537}.Debug|ARM.Build.0 = Debug|iPhone
		{A55BD773-5A29-4B2A-9DB7-1AB1DD38B537}.Debug|iPhone.ActiveCfg = Debug|iPhone
		{A55BD773-5A29-4B2A-9DB7-1AB1DD38B537}.Debug|iPhone.Build.0 = Debug|iPhone
		{A55BD773-5A29-4B2A-9DB7-1AB1DD38B537}.Debug|iPhoneSimulator.ActiveCfg = Debug|iPhoneSimulator
		{A55BD773-5A29-4B2A-9DB7-1AB1DD38B537}.Debug|iPhoneSimulator.Build.0 = Debug|iPhoneSimulator
		{A55BD773-5A29-4B2A-9DB7-1AB1DD38B537}.Debug|x86.ActiveCfg = Debug|iPhone
		{A55BD773-5A29-4B2A-9DB7-1AB1DD38B537}.Debug|x86.Build.0 = Debug|iPhone
		{A55BD773-5A29-4B2A-9DB7-1AB1DD38B537}.Release|Any CPU.ActiveCfg = Release|iPhone
		{A55BD773-5A29-4B2A-9DB7-1AB1DD38B537}.Release|Any CPU.Build.0 = Release|iPhone
		{A55BD773-5A29-4B2A-9DB7-1AB1DD38B537}.Release|ARM.ActiveCfg = Release|iPhone
		{A55BD773-5A29-4B2A-9DB7-1AB1DD38B537}.Release|ARM.Build.0 = Release|iPhone
		{A55BD773-5A29-4B2A-9DB7-1AB1DD38B537}.Release|iPhone.ActiveCfg = Release|iPhone
		{A55BD773-5A29-4B2A-9DB7-1AB1DD38B537}.Release|iPhone.Build.0 = Release|iPhone
		{A55BD773-5A29-4B2A-9DB7-1AB1DD38B537}.Release|iPhoneSimulator.ActiveCfg = Release|iPhoneSimulator
		{A55BD773-5A29-4B2A-9DB7-1AB1DD38B537}.Release|iPhoneSimulator.Build.0 = Release|iPhoneSimulator
		{A55BD773-5A29-4B2A-9DB7-1AB1DD38B537}.Release|x86.ActiveCfg = Release|iPhone
		{A55BD773-5A29-4B2A-9DB7-1AB1DD38B537}.Release|x86.Build.0 = Release|iPhone
		{F377984A-36A2-454B-AAAB-6E385048D5AB}.Ad-Hoc|Any CPU.ActiveCfg = Ad-Hoc|iPhone
		{F377984A-36A2-454B-AAAB-6E385048D5AB}.Ad-Hoc|ARM.ActiveCfg = Ad-Hoc|iPhone
		{F377984A-36A2-454B-AAAB-6E385048D5AB}.Ad-Hoc|iPhone.ActiveCfg = Ad-Hoc|iPhone
		{F377984A-36A2-454B-AAAB-6E385048D5AB}.Ad-Hoc|iPhone.Build.0 = Ad-Hoc|iPhone
		{F377984A-36A2-454B-AAAB-6E385048D5AB}.Ad-Hoc|iPhoneSimulator.ActiveCfg = Ad-Hoc|iPhoneSimulator
		{F377984A-36A2-454B-AAAB-6E385048D5AB}.Ad-Hoc|iPhoneSimulator.Build.0 = Ad-Hoc|iPhoneSimulator
		{F377984A-36A2-454B-AAAB-6E385048D5AB}.Ad-Hoc|x86.ActiveCfg = Ad-Hoc|iPhone
		{F377984A-36A2-454B-AAAB-6E385048D5AB}.AppStore|Any CPU.ActiveCfg = AppStore|iPhone
		{F377984A-36A2-454B-AAAB-6E385048D5AB}.AppStore|ARM.ActiveCfg = AppStore|iPhone
		{F377984A-36A2-454B-AAAB-6E385048D5AB}.AppStore|iPhone.ActiveCfg = AppStore|iPhone
		{F377984A-36A2-454B-AAAB-6E385048D5AB}.AppStore|iPhone.Build.0 = AppStore|iPhone
		{F377984A-36A2-454B-AAAB-6E385048D5AB}.AppStore|iPhoneSimulator.ActiveCfg = AppStore|iPhoneSimulator
		{F377984A-36A2-454B-AAAB-6E385048D5AB}.AppStore|iPhoneSimulator.Build.0 = AppStore|iPhoneSimulator
		{F377984A-36A2-454B-AAAB-6E385048D5AB}.AppStore|x86.ActiveCfg = AppStore|iPhone
		{F377984A-36A2-454B-AAAB-6E385048D5AB}.Debug|Any CPU.ActiveCfg = Debug|iPhone
		{F377984A-36A2-454B-AAAB-6E385048D5AB}.Debug|ARM.ActiveCfg = Debug|iPhone
		{F377984A-36A2-454B-AAAB-6E385048D5AB}.Debug|iPhone.ActiveCfg = Debug|iPhone
		{F377984A-36A2-454B-AAAB-6E385048D5AB}.Debug|iPhone.Build.0 = Debug|iPhone
		{F377984A-36A2-454B-AAAB-6E385048D5AB}.Debug|iPhoneSimulator.ActiveCfg = Debug|iPhoneSimulator
		{F377984A-36A2-454B-AAAB-6E385048D5AB}.Debug|iPhoneSimulator.Build.0 = Debug|iPhoneSimulator
		{F377984A-36A2-454B-AAAB-6E385048D5AB}.Debug|x86.ActiveCfg = Debug|iPhone
		{F377984A-36A2-454B-AAAB-6E385048D5AB}.Release|Any CPU.ActiveCfg = Release|iPhone
		{F377984A-36A2-454B-AAAB-6E385048D5AB}.Release|ARM.ActiveCfg = Release|iPhone
		{F377984A-36A2-454B-AAAB-6E385048D5AB}.Release|iPhone.ActiveCfg = Release|iPhone
		{F377984A-36A2-454B-AAAB-6E385048D5AB}.Release|iPhone.Build.0 = Release|iPhone
		{F377984A-36A2-454B-AAAB-6E385048D5AB}.Release|iPhoneSimulator.ActiveCfg = Release|iPhoneSimulator
		{F377984A-36A2-454B-AAAB-6E385048D5AB}.Release|iPhoneSimulator.Build.0 = Release|iPhoneSimulator
		{F377984A-36A2-454B-AAAB-6E385048D5AB}.Release|x86.ActiveCfg = Release|iPhone
		{2379D669-4F4B-4FF6-AF8A-49FEA981EFC3}.Ad-Hoc|Any CPU.ActiveCfg = Debug|ARM
		{2379D669-4F4B-4FF6-AF8A-49FEA981EFC3}.Ad-Hoc|Any CPU.Build.0 = Debug|ARM
		{2379D669-4F4B-4FF6-AF8A-49FEA981EFC3}.Ad-Hoc|ARM.ActiveCfg = Debug|ARM
		{2379D669-4F4B-4FF6-AF8A-49FEA981EFC3}.Ad-Hoc|ARM.Build.0 = Debug|ARM
		{2379D669-4F4B-4FF6-AF8A-49FEA981EFC3}.Ad-Hoc|iPhone.ActiveCfg = Debug|ARM
		{2379D669-4F4B-4FF6-AF8A-49FEA981EFC3}.Ad-Hoc|iPhone.Build.0 = Debug|ARM
		{2379D669-4F4B-4FF6-AF8A-49FEA981EFC3}.Ad-Hoc|iPhoneSimulator.ActiveCfg = Debug|ARM
		{2379D669-4F4B-4FF6-AF8A-49FEA981EFC3}.Ad-Hoc|iPhoneSimulator.Build.0 = Debug|ARM
		{2379D669-4F4B-4FF6-AF8A-49FEA981EFC3}.Ad-Hoc|x86.ActiveCfg = Debug|ARM
		{2379D669-4F4B-4FF6-AF8A-49FEA981EFC3}.Ad-Hoc|x86.Build.0 = Debug|ARM
		{2379D669-4F4B-4FF6-AF8A-49FEA981EFC3}.AppStore|Any CPU.ActiveCfg = Debug|ARM
		{2379D669-4F4B-4FF6-AF8A-49FEA981EFC3}.AppStore|Any CPU.Build.0 = Debug|ARM
		{2379D669-4F4B-4FF6-AF8A-49FEA981EFC3}.AppStore|ARM.ActiveCfg = Debug|ARM
		{2379D669-4F4B-4FF6-AF8A-49FEA981EFC3}.AppStore|ARM.Build.0 = Debug|ARM
		{2379D669-4F4B-4FF6-AF8A-49FEA981EFC3}.AppStore|iPhone.ActiveCfg = Debug|ARM
		{2379D669-4F4B-4FF6-AF8A-49FEA981EFC3}.AppStore|iPhone.Build.0 = Debug|ARM
		{2379D669-4F4B-4FF6-AF8A-49FEA981EFC3}.AppStore|iPhoneSimulator.ActiveCfg = Debug|ARM
		{2379D669-4F4B-4FF6-AF8A-49FEA981EFC3}.AppStore|iPhoneSimulator.Build.0 = Debug|ARM
		{2379D669-4F4B-4FF6-AF8A-49FEA981EFC3}.AppStore|x86.ActiveCfg = Debug|ARM
		{2379D669-4F4B-4FF6-AF8A-49FEA981EFC3}.AppStore|x86.Build.0 = Debug|ARM
		{2379D669-4F4B-4FF6-AF8A-49FEA981EFC3}.Debug|Any CPU.ActiveCfg = Debug|ARM
		{2379D669-4F4B-4FF6-AF8A-49FEA981EFC3}.Debug|Any CPU.Build.0 = Debug|ARM
		{2379D669-4F4B-4FF6-AF8A-49FEA981EFC3}.Debug|ARM.ActiveCfg = Debug|ARM
		{2379D669-4F4B-4FF6-AF8A-49FEA981EFC3}.Debug|ARM.Build.0 = Debug|ARM
		{2379D669-4F4B-4FF6-AF8A-49FEA981EFC3}.Debug|iPhone.ActiveCfg = Debug|ARM
		{2379D669-4F4B-4FF6-AF8A-49FEA981EFC3}.Debug|iPhone.Build.0 = Debug|ARM
		{2379D669-4F4B-4FF6-AF8A-49FEA981EFC3}.Debug|iPhoneSimulator.ActiveCfg = Debug|ARM
		{2379D669-4F4B-4FF6-AF8A-49FEA981EFC3}.Debug|iPhoneSimulator.Build.0 = Debug|ARM
		{2379D669-4F4B-4FF6-AF8A-49FEA981EFC3}.Debug|x86.ActiveCfg = Debug|ARM
		{2379D669-4F4B-4FF6-AF8A-49FEA981EFC3}.Debug|x86.Build.0 = Debug|ARM
		{2379D669-4F4B-4FF6-AF8A-49FEA981EFC3}.Release|Any CPU.ActiveCfg = Release|ARM
		{2379D669-4F4B-4FF6-AF8A-49FEA981EFC3}.Release|Any CPU.Build.0 = Release|ARM
		{2379D669-4F4B-4FF6-AF8A-49FEA981EFC3}.Release|ARM.ActiveCfg = Release|ARM
		{2379D669-4F4B-4FF6-AF8A-49FEA981EFC3}.Release|ARM.Build.0 = Release|ARM
		{2379D669-4F4B-4FF6-AF8A-49FEA981EFC3}.Release|iPhone.ActiveCfg = Release|ARM
		{2379D669-4F4B-4FF6-AF8A-49FEA981EFC3}.Release|iPhone.Build.0 = Release|ARM
		{2379D669-4F4B-4FF6-AF8A-49FEA981EFC3}.Release|iPhoneSimulator.ActiveCfg = Release|ARM
		{2379D669-4F4B-4FF6-AF8A-49FEA981EFC3}.Release|iPhoneSimulator.Build.0 = Release|ARM
		{2379D669-4F4B-4FF6-AF8A-49FEA981EFC3}.Release|x86.ActiveCfg = Release|ARM
		{2379D669-4F4B-4FF6-AF8A-49FEA981EFC3}.Release|x86.Build.0 = Release|ARM
		{4A3F2108-00E0-4BE6-A4D4-B8C9F573B166}.Ad-Hoc|Any CPU.ActiveCfg = Release|Any CPU
		{4A3F2108-00E0-4BE6-A4D4-B8C9F573B166}.Ad-Hoc|Any CPU.Build.0 = Release|Any CPU
		{4A3F2108-00E0-4BE6-A4D4-B8C9F573B166}.Ad-Hoc|Any CPU.Deploy.0 = Release|Any CPU
		{4A3F2108-00E0-4BE6-A4D4-B8C9F573B166}.Ad-Hoc|ARM.ActiveCfg = Release|Any CPU
		{4A3F2108-00E0-4BE6-A4D4-B8C9F573B166}.Ad-Hoc|ARM.Build.0 = Release|Any CPU
		{4A3F2108-00E0-4BE6-A4D4-B8C9F573B166}.Ad-Hoc|ARM.Deploy.0 = Release|Any CPU
		{4A3F2108-00E0-4BE6-A4D4-B8C9F573B166}.Ad-Hoc|iPhone.ActiveCfg = Release|Any CPU
		{4A3F2108-00E0-4BE6-A4D4-B8C9F573B166}.Ad-Hoc|iPhone.Build.0 = Release|Any CPU
		{4A3F2108-00E0-4BE6-A4D4-B8C9F573B166}.Ad-Hoc|iPhone.Deploy.0 = Release|Any CPU
		{4A3F2108-00E0-4BE6-A4D4-B8C9F573B166}.Ad-Hoc|iPhoneSimulator.ActiveCfg = Release|Any CPU
		{4A3F2108-00E0-4BE6-A4D4-B8C9F573B166}.Ad-Hoc|iPhoneSimulator.Build.0 = Release|Any CPU
		{4A3F2108-00E0-4BE6-A4D4-B8C9F573B166}.Ad-Hoc|iPhoneSimulator.Deploy.0 = Release|Any CPU
		{4A3F2108-00E0-4BE6-A4D4-B8C9F573B166}.Ad-Hoc|x86.ActiveCfg = Release|Any CPU
		{4A3F2108-00E0-4BE6-A4D4-B8C9F573B166}.Ad-Hoc|x86.Build.0 = Release|Any CPU
		{4A3F2108-00E0-4BE6-A4D4-B8C9F573B166}.Ad-Hoc|x86.Deploy.0 = Release|Any CPU
		{4A3F2108-00E0-4BE6-A4D4-B8C9F573B166}.AppStore|Any CPU.ActiveCfg = Release|Any CPU
		{4A3F2108-00E0-4BE6-A4D4-B8C9F573B166}.AppStore|Any CPU.Build.0 = Release|Any CPU
		{4A3F2108-00E0-4BE6-A4D4-B8C9F573B166}.AppStore|Any CPU.Deploy.0 = Release|Any CPU
		{4A3F2108-00E0-4BE6-A4D4-B8C9F573B166}.AppStore|ARM.ActiveCfg = Release|Any CPU
		{4A3F2108-00E0-4BE6-A4D4-B8C9F573B166}.AppStore|ARM.Build.0 = Release|Any CPU
		{4A3F2108-00E0-4BE6-A4D4-B8C9F573B166}.AppStore|ARM.Deploy.0 = Release|Any CPU
		{4A3F2108-00E0-4BE6-A4D4-B8C9F573B166}.AppStore|iPhone.ActiveCfg = Release|Any CPU
		{4A3F2108-00E0-4BE6-A4D4-B8C9F573B166}.AppStore|iPhone.Build.0 = Release|Any CPU
		{4A3F2108-00E0-4BE6-A4D4-B8C9F573B166}.AppStore|iPhone.Deploy.0 = Release|Any CPU
		{4A3F2108-00E0-4BE6-A4D4-B8C9F573B166}.AppStore|iPhoneSimulator.ActiveCfg = Release|Any CPU
		{4A3F2108-00E0-4BE6-A4D4-B8C9F573B166}.AppStore|iPhoneSimulator.Build.0 = Release|Any CPU
		{4A3F2108-00E0-4BE6-A4D4-B8C9F573B166}.AppStore|iPhoneSimulator.Deploy.0 = Release|Any CPU
		{4A3F2108-00E0-4BE6-A4D4-B8C9F573B166}.AppStore|x86.ActiveCfg = Release|Any CPU
		{4A3F2108-00E0-4BE6-A4D4-B8C9F573B166}.AppStore|x86.Build.0 = Release|Any CPU
		{4A3F2108-00E0-4BE6-A4D4-B8C9F573B166}.AppStore|x86.Deploy.0 = Release|Any CPU
		{4A3F2108-00E0-4BE6-A4D4-B8C9F573B166}.Debug|Any CPU.ActiveCfg = Debug|Any CPU
		{4A3F2108-00E0-4BE6-A4D4-B8C9F573B166}.Debug|Any CPU.Build.0 = Debug|Any CPU
		{4A3F2108-00E0-4BE6-A4D4-B8C9F573B166}.Debug|Any CPU.Deploy.0 = Debug|Any CPU
		{4A3F2108-00E0-4BE6-A4D4-B8C9F573B166}.Debug|ARM.ActiveCfg = Debug|Any CPU
		{4A3F2108-00E0-4BE6-A4D4-B8C9F573B166}.Debug|ARM.Build.0 = Debug|Any CPU
		{4A3F2108-00E0-4BE6-A4D4-B8C9F573B166}.Debug|ARM.Deploy.0 = Debug|Any CPU
		{4A3F2108-00E0-4BE6-A4D4-B8C9F573B166}.Debug|iPhone.ActiveCfg = Debug|Any CPU
		{4A3F2108-00E0-4BE6-A4D4-B8C9F573B166}.Debug|iPhone.Build.0 = Debug|Any CPU
		{4A3F2108-00E0-4BE6-A4D4-B8C9F573B166}.Debug|iPhone.Deploy.0 = Debug|Any CPU
		{4A3F2108-00E0-4BE6-A4D4-B8C9F573B166}.Debug|iPhoneSimulator.ActiveCfg = Debug|Any CPU
		{4A3F2108-00E0-4BE6-A4D4-B8C9F573B166}.Debug|iPhoneSimulator.Build.0 = Debug|Any CPU
		{4A3F2108-00E0-4BE6-A4D4-B8C9F573B166}.Debug|iPhoneSimulator.Deploy.0 = Debug|Any CPU
		{4A3F2108-00E0-4BE6-A4D4-B8C9F573B166}.Debug|x86.ActiveCfg = Debug|Any CPU
		{4A3F2108-00E0-4BE6-A4D4-B8C9F573B166}.Debug|x86.Build.0 = Debug|Any CPU
		{4A3F2108-00E0-4BE6-A4D4-B8C9F573B166}.Debug|x86.Deploy.0 = Debug|Any CPU
		{4A3F2108-00E0-4BE6-A4D4-B8C9F573B166}.Release|Any CPU.ActiveCfg = Release|Any CPU
		{4A3F2108-00E0-4BE6-A4D4-B8C9F573B166}.Release|Any CPU.Build.0 = Release|Any CPU
		{4A3F2108-00E0-4BE6-A4D4-B8C9F573B166}.Release|Any CPU.Deploy.0 = Release|Any CPU
		{4A3F2108-00E0-4BE6-A4D4-B8C9F573B166}.Release|ARM.ActiveCfg = Release|Any CPU
		{4A3F2108-00E0-4BE6-A4D4-B8C9F573B166}.Release|ARM.Build.0 = Release|Any CPU
		{4A3F2108-00E0-4BE6-A4D4-B8C9F573B166}.Release|ARM.Deploy.0 = Release|Any CPU
		{4A3F2108-00E0-4BE6-A4D4-B8C9F573B166}.Release|iPhone.ActiveCfg = Release|Any CPU
		{4A3F2108-00E0-4BE6-A4D4-B8C9F573B166}.Release|iPhone.Build.0 = Release|Any CPU
		{4A3F2108-00E0-4BE6-A4D4-B8C9F573B166}.Release|iPhone.Deploy.0 = Release|Any CPU
		{4A3F2108-00E0-4BE6-A4D4-B8C9F573B166}.Release|iPhoneSimulator.ActiveCfg = Release|Any CPU
		{4A3F2108-00E0-4BE6-A4D4-B8C9F573B166}.Release|iPhoneSimulator.Build.0 = Release|Any CPU
		{4A3F2108-00E0-4BE6-A4D4-B8C9F573B166}.Release|iPhoneSimulator.Deploy.0 = Release|Any CPU
		{4A3F2108-00E0-4BE6-A4D4-B8C9F573B166}.Release|x86.ActiveCfg = Release|Any CPU
		{4A3F2108-00E0-4BE6-A4D4-B8C9F573B166}.Release|x86.Build.0 = Release|Any CPU
		{4A3F2108-00E0-4BE6-A4D4-B8C9F573B166}.Release|x86.Deploy.0 = Release|Any CPU
	EndGlobalSection
	GlobalSection(SolutionProperties) = preSolution
		HideSolutionNode = FALSE
	EndGlobalSection
EndGlobal
